
Microsoft Visual Studio Solution File, Format Version 12.00
# Visual Studio Version 17
VisualStudioVersion = 17.14.36616.10 d17.14
MinimumVisualStudioVersion = 10.0.40219.1
Project("{FAE04EC0-301F-11D3-BF4B-00C04F79EFBC}") = "DanceStudioManager", "DanceStudioManager\DanceStudioManager.csproj", "{F46631C7-B417-413A-BFC4-31EF33A02E5E}"
EndProject
Global
	GlobalSection(SolutionConfigurationPlatforms) = preSolution
		Debug|Any CPU = Debug|Any CPU
		Release|Any CPU = Release|Any CPU
	EndGlobalSection
	GlobalSection(ProjectConfigurationPlatforms) = postSolution
		{F46631C7-B417-413A-BFC4-31EF33A02E5E}.Debug|Any CPU.ActiveCfg = Debug|Any CPU
		{F46631C7-B417-413A-BFC4-31EF33A02E5E}.Debug|Any CPU.Build.0 = Debug|Any CPU
		{F46631C7-B417-413A-BFC4-31EF33A02E5E}.Release|Any CPU.ActiveCfg = Release|Any CPU
		{F46631C7-B417-413A-BFC4-31EF33A02E5E}.Release|Any CPU.Build.0 = Release|Any CPU
	EndGlobalSection
	GlobalSection(SolutionProperties) = preSolution
		HideSolutionNode = FALSE
	EndGlobalSection
	GlobalSection(ExtensibilityGlobals) = postSolution
		SolutionGuid = {4B0F6851-AF60-4D9F-A785-75F8F0205B11}
	EndGlobalSection
EndGlobal
